// !$*UTF8*$!
{
	archiveVersion = 1;
	classes = {
	};
	objectVersion = 50;
	objects = {

/* Begin PBXBuildFile section */
		2A355B8A236DEE300046AA9D /* AppDelegate.swift in Sources */ = {isa = PBXBuildFile; fileRef = 2A355B89236DEE300046AA9D /* AppDelegate.swift */; };
		2A355B8C236DEE300046AA9D /* SceneDelegate.swift in Sources */ = {isa = PBXBuildFile; fileRef = 2A355B8B236DEE300046AA9D /* SceneDelegate.swift */; };
		2A355B90236DEE310046AA9D /* Assets.xcassets in Resources */ = {isa = PBXBuildFile; fileRef = 2A355B8F236DEE310046AA9D /* Assets.xcassets */; };
		2A355B93236DEE310046AA9D /* Preview Assets.xcassets in Resources */ = {isa = PBXBuildFile; fileRef = 2A355B92236DEE310046AA9D /* Preview Assets.xcassets */; };
		2A355B96236DEE310046AA9D /* LaunchScreen.storyboard in Resources */ = {isa = PBXBuildFile; fileRef = 2A355B94236DEE310046AA9D /* LaunchScreen.storyboard */; };
		2A355B9E236DEECE0046AA9D /* ViewController.swift in Sources */ = {isa = PBXBuildFile; fileRef = 2A355B9D236DEECE0046AA9D /* ViewController.swift */; };
		2A355BA0236DF8350046AA9D /* UIColor+Extensions.swift in Sources */ = {isa = PBXBuildFile; fileRef = 2A355B9F236DF8350046AA9D /* UIColor+Extensions.swift */; };
		2A355BA2236DF92D0046AA9D /* NSLayoutConstraint+Extensions.swift in Sources */ = {isa = PBXBuildFile; fileRef = 2A355BA1236DF92D0046AA9D /* NSLayoutConstraint+Extensions.swift */; };
		2A355BA4236DFA820046AA9D /* UICollectionViewFlowLayout+Extensions.swift in Sources */ = {isa = PBXBuildFile; fileRef = 2A355BA3236DFA820046AA9D /* UICollectionViewFlowLayout+Extensions.swift */; };
		2A355BA8236DFB250046AA9D /* UICollectionView+Extensions.swift in Sources */ = {isa = PBXBuildFile; fileRef = 2A355BA7236DFB250046AA9D /* UICollectionView+Extensions.swift */; };
/* End PBXBuildFile section */

/* Begin PBXFileReference section */
		2A355B86236DEE300046AA9D /* ButtonFun.app */ = {isa = PBXFileReference; explicitFileType = wrapper.application; includeInIndex = 0; path = ButtonFun.app; sourceTree = BUILT_PRODUCTS_DIR; };
		2A355B89236DEE300046AA9D /* AppDelegate.swift */ = {isa = PBXFileReference; lastKnownFileType = sourcecode.swift; path = AppDelegate.swift; sourceTree = "<group>"; };
		2A355B8B236DEE300046AA9D /* SceneDelegate.swift */ = {isa = PBXFileReference; lastKnownFileType = sourcecode.swift; path = SceneDelegate.swift; sourceTree = "<group>"; };
		2A355B8F236DEE310046AA9D /* Assets.xcassets */ = {isa = PBXFileReference; lastKnownFileType = folder.assetcatalog; path = Assets.xcassets; sourceTree = "<group>"; };
		2A355B92236DEE310046AA9D /* Preview Assets.xcassets */ = {isa = PBXFileReference; lastKnownFileType = folder.assetcatalog; path = "Preview Assets.xcassets"; sourceTree = "<group>"; };
		2A355B95236DEE310046AA9D /* Base */ = {isa = PBXFileReference; lastKnownFileType = file.storyboard; name = Base; path = Base.lproj/LaunchScreen.storyboard; sourceTree = "<group>"; };
		2A355B97236DEE310046AA9D /* Info.plist */ = {isa = PBXFileReference; lastKnownFileType = text.plist.xml; path = Info.plist; sourceTree = "<group>"; };
		2A355B9D236DEECE0046AA9D /* ViewController.swift */ = {isa = PBXFileReference; lastKnownFileType = sourcecode.swift; path = ViewController.swift; sourceTree = "<group>"; };
		2A355B9F236DF8350046AA9D /* UIColor+Extensions.swift */ = {isa = PBXFileReference; lastKnownFileType = sourcecode.swift; path = "UIColor+Extensions.swift"; sourceTree = "<group>"; };
		2A355BA1236DF92D0046AA9D /* NSLayoutConstraint+Extensions.swift */ = {isa = PBXFileReference; lastKnownFileType = sourcecode.swift; path = "NSLayoutConstraint+Extensions.swift"; sourceTree = "<group>"; };
		2A355BA3236DFA820046AA9D /* UICollectionViewFlowLayout+Extensions.swift */ = {isa = PBXFileReference; lastKnownFileType = sourcecode.swift; path = "UICollectionViewFlowLayout+Extensions.swift"; sourceTree = "<group>"; };
		2A355BA7236DFB250046AA9D /* UICollectionView+Extensions.swift */ = {isa = PBXFileReference; lastKnownFileType = sourcecode.swift; path = "UICollectionView+Extensions.swift"; sourceTree = "<group>"; };
/* End PBXFileReference section */

/* Begin PBXFrameworksBuildPhase section */
		2A355B83236DEE300046AA9D /* Frameworks */ = {
			isa = PBXFrameworksBuildPhase;
			buildActionMask = 2147483647;
			files = (
			);
			runOnlyForDeploymentPostprocessing = 0;
		};
/* End PBXFrameworksBuildPhase section */

/* Begin PBXGroup section */
		2A355B7D236DEE300046AA9D = {
			isa = PBXGroup;
			children = (
				2A355B88236DEE300046AA9D /* ButtonFun */,
				2A355B87236DEE300046AA9D /* Products */,
			);
			sourceTree = "<group>";
		};
		2A355B87236DEE300046AA9D /* Products */ = {
			isa = PBXGroup;
			children = (
				2A355B86236DEE300046AA9D /* ButtonFun.app */,
			);
			name = Products;
			sourceTree = "<group>";
		};
		2A355B88236DEE300046AA9D /* ButtonFun */ = {
			isa = PBXGroup;
			children = (
				2A355B91236DEE310046AA9D /* Preview Content */,
				2A355BA5236DFAEB0046AA9D /* Extensions */,
				2A355B89236DEE300046AA9D /* AppDelegate.swift */,
				2A355B8B236DEE300046AA9D /* SceneDelegate.swift */,
				2A355B9D236DEECE0046AA9D /* ViewController.swift */,
				2A355B8F236DEE310046AA9D /* Assets.xcassets */,
				2A355B94236DEE310046AA9D /* LaunchScreen.storyboard */,
				2A355B97236DEE310046AA9D /* Info.plist */,
			);
			path = ButtonFun;
			sourceTree = "<group>";
		};
		2A355B91236DEE310046AA9D /* Preview Content */ = {
			isa = PBXGroup;
			children = (
				2A355B92236DEE310046AA9D /* Preview Assets.xcassets */,
			);
			path = "Preview Content";
			sourceTree = "<group>";
		};
		2A355BA5236DFAEB0046AA9D /* Extensions */ = {
			isa = PBXGroup;
			children = (
				2A355B9F236DF8350046AA9D /* UIColor+Extensions.swift */,
				2A355BA1236DF92D0046AA9D /* NSLayoutConstraint+Extensions.swift */,
				2A355BA3236DFA820046AA9D /* UICollectionViewFlowLayout+Extensions.swift */,
				2A355BA7236DFB250046AA9D /* UICollectionView+Extensions.swift */,
			);
			path = Extensions;
			sourceTree = "<group>";
		};
/* End PBXGroup section */

/* Begin PBXNativeTarget section */
		2A355B85236DEE300046AA9D /* ButtonFun */ = {
			isa = PBXNativeTarget;
			buildConfigurationList = 2A355B9A236DEE310046AA9D /* Build configuration list for PBXNativeTarget "ButtonFun" */;
			buildPhases = (
				2A355B82236DEE300046AA9D /* Sources */,
				2A355B83236DEE300046AA9D /* Frameworks */,
				2A355B84236DEE300046AA9D /* Resources */,
			);
			buildRules = (
			);
			dependencies = (
			);
			name = ButtonFun;
			productName = ButtonFun;
			productReference = 2A355B86236DEE300046AA9D /* ButtonFun.app */;
			productType = "com.apple.product-type.application";
		};
/* End PBXNativeTarget section */

/* Begin PBXProject section */
		2A355B7E236DEE300046AA9D /* Project object */ = {
			isa = PBXProject;
			attributes = {
				LastSwiftUpdateCheck = 1110;
				LastUpgradeCheck = 1110;
				ORGANIZATIONNAME = "Andrew Aquino";
				TargetAttributes = {
					2A355B85236DEE300046AA9D = {
						CreatedOnToolsVersion = 11.1;
					};
				};
			};
			buildConfigurationList = 2A355B81236DEE300046AA9D /* Build configuration list for PBXProject "ButtonFun" */;
			compatibilityVersion = "Xcode 9.3";
			developmentRegion = en;
			hasScannedForEncodings = 0;
			knownRegions = (
				en,
				Base,
			);
			mainGroup = 2A355B7D236DEE300046AA9D;
			productRefGroup = 2A355B87236DEE300046AA9D /* Products */;
			projectDirPath = "";
			projectRoot = "";
			targets = (
				2A355B85236DEE300046AA9D /* ButtonFun */,
			);
		};
/* End PBXProject section */

/* Begin PBXResourcesBuildPhase section */
		2A355B84236DEE300046AA9D /* Resources */ = {
			isa = PBXResourcesBuildPhase;
			buildActionMask = 2147483647;
			files = (
				2A355B96236DEE310046AA9D /* LaunchScreen.storyboard in Resources */,
				2A355B93236DEE310046AA9D /* Preview Assets.xcassets in Resources */,
				2A355B90236DEE310046AA9D /* Assets.xcassets in Resources */,
			);
			runOnlyForDeploymentPostprocessing = 0;
		};
/* End PBXResourcesBuildPhase section */

/* Begin PBXSourcesBuildPhase section */
		2A355B82236DEE300046AA9D /* Sources */ = {
			isa = PBXSourcesBuildPhase;
			buildActionMask = 2147483647;
			files = (
				2A355BA8236DFB250046AA9D /* UICollectionView+Extensions.swift in Sources */,
				2A355B8A236DEE300046AA9D /* AppDelegate.swift in Sources */,
				2A355B8C236DEE300046AA9D /* SceneDelegate.swift in Sources */,
				2A355BA4236DFA820046AA9D /* UICollectionViewFlowLayout+Extensions.swift in Sources */,
				2A355B9E236DEECE0046AA9D /* ViewController.swift in Sources */,
				2A355BA2236DF92D0046AA9D /* NSLayoutConstraint+Extensions.swift in Sources */,
				2A355BA0236DF8350046AA9D /* UIColor+Extensions.swift in Sources */,
			);
			runOnlyForDeploymentPostprocessing = 0;
		};
/* End PBXSourcesBuildPhase section */

/* Begin PBXVariantGroup section */
		2A355B94236DEE310046AA9D /* LaunchScreen.storyboard */ = {
			isa = PBXVariantGroup;
			children = (
				2A355B95236DEE310046AA9D /* Base */,
			);
			name = LaunchScreen.storyboard;
			sourceTree = "<group>";
		};
/* End PBXVariantGroup section */

/* Begin XCBuildConfiguration section */
		2A355B98236DEE310046AA9D /* Debug */ = {
			isa = XCBuildConfiguration;
			buildSettings = {
				ALWAYS_SEARCH_USER_PATHS = NO;
				CLANG_ANALYZER_NONNULL = YES;
				CLANG_ANALYZER_NUMBER_OBJECT_CONVERSION = YES_AGGRESSIVE;
				CLANG_CXX_LANGUAGE_STANDARD = "gnu++14";
				CLANG_CXX_LIBRARY = "libc++";
				CLANG_ENABLE_MODULES = YES;
				CLANG_ENABLE_OBJC_ARC = YES;
				CLANG_ENABLE_OBJC_WEAK = YES;
				CLANG_WARN_BLOCK_CAPTURE_AUTORELEASING = YES;
				CLANG_WARN_BOOL_CONVERSION = YES;
				CLANG_WARN_COMMA = YES;
				CLANG_WARN_CONSTANT_CONVERSION = YES;
				CLANG_WARN_DEPRECATED_OBJC_IMPLEMENTATIONS = YES;
				CLANG_WARN_DIRECT_OBJC_ISA_USAGE = YES_ERROR;
				CLANG_WARN_DOCUMENTATION_COMMENTS = YES;
				CLANG_WARN_EMPTY_BODY = YES;
				CLANG_WARN_ENUM_CONVERSION = YES;
				CLANG_WARN_INFINITE_RECURSION = YES;
				CLANG_WARN_INT_CONVERSION = YES;
				CLANG_WARN_NON_LITERAL_NULL_CONVERSION = YES;
				CLANG_WARN_OBJC_IMPLICIT_RETAIN_SELF = YES;
				CLANG_WARN_OBJC_LITERAL_CONVERSION = YES;
				CLANG_WARN_OBJC_ROOT_CLASS = YES_ERROR;
				CLANG_WARN_RANGE_LOOP_ANALYSIS = YES;
				CLANG_WARN_STRICT_PROTOTYPES = YES;
				CLANG_WARN_SUSPICIOUS_MOVE = YES;
				CLANG_WARN_UNGUARDED_AVAILABILITY = YES_AGGRESSIVE;
				CLANG_WARN_UNREACHABLE_CODE = YES;
				CLANG_WARN__DUPLICATE_METHOD_MATCH = YES;
				COPY_PHASE_STRIP = NO;
				DEBUG_INFORMATION_FORMAT = dwarf;
				ENABLE_STRICT_OBJC_MSGSEND = YES;
				ENABLE_TESTABILITY = YES;
				GCC_C_LANGUAGE_STANDARD = gnu11;
				GCC_DYNAMIC_NO_PIC = NO;
				GCC_NO_COMMON_BLOCKS = YES;
				GCC_OPTIMIZATION_LEVEL = 0;
				GCC_PREPROCESSOR_DEFINITIONS = (
					"DEBUG=1",
					"$(inherited)",
				);
				GCC_WARN_64_TO_32_BIT_CONVERSION = YES;
				GCC_WARN_ABOUT_RETURN_TYPE = YES_ERROR;
				GCC_WARN_UNDECLARED_SELECTOR = YES;
				GCC_WARN_UNINITIALIZED_AUTOS = YES_AGGRESSIVE;
				GCC_WARN_UNUSED_FUNCTION = YES;
				GCC_WARN_UNUSED_VARIABLE = YES;
				IPHONEOS_DEPLOYMENT_TARGET = 13.1;
				MTL_ENABLE_DEBUG_INFO = INCLUDE_SOURCE;
				MTL_FAST_MATH = YES;
				ONLY_ACTIVE_ARCH = YES;
				SDKROOT = iphoneos;
				SWIFT_ACTIVE_COMPILATION_CONDITIONS = DEBUG;
				SWIFT_OPTIMIZATION_LEVEL = "-Onone";
			};
			name = Debug;
		};
		2A355B99236DEE310046AA9D /* Release */ = {
			isa = XCBuildConfiguration;
			buildSettings = {
				ALWAYS_SEARCH_USER_PATHS = NO;
				CLANG_ANALYZER_NONNULL = YES;
				CLANG_ANALYZER_NUMBER_OBJECT_CONVERSION = YES_AGGRESSIVE;
				CLANG_CXX_LANGUAGE_STANDARD = "gnu++14";
				CLANG_CXX_LIBRARY = "libc++";
				CLANG_ENABLE_MODULES = YES;
				CLANG_ENABLE_OBJC_ARC = YES;
				CLANG_ENABLE_OBJC_WEAK = YES;
				CLANG_WARN_BLOCK_CAPTURE_AUTORELEASING = YES;
				CLANG_WARN_BOOL_CONVERSION = YES;
				CLANG_WARN_COMMA = YES;
				CLANG_WARN_CONSTANT_CONVERSION = YES;
				CLANG_WARN_DEPRECATED_OBJC_IMPLEMENTATIONS = YES;
				CLANG_WARN_DIRECT_OBJC_ISA_USAGE = YES_ERROR;
				CLANG_WARN_DOCUMENTATION_COMMENTS = YES;
				CLANG_WARN_EMPTY_BODY = YES;
				CLANG_WARN_ENUM_CONVERSION = YES;
				CLANG_WARN_INFINITE_RECURSION = YES;
				CLANG_WARN_INT_CONVERSION = YES;
				CLANG_WARN_NON_LITERAL_NULL_CONVERSION = YES;
				CLANG_WARN_OBJC_IMPLICIT_RETAIN_SELF = YES;
				CLANG_WARN_OBJC_LITERAL_CONVERSION = YES;
				CLANG_WARN_OBJC_ROOT_CLASS = YES_ERROR;
				CLANG_WARN_RANGE_LOOP_ANALYSIS = YES;
				CLANG_WARN_STRICT_PROTOTYPES = YES;
				CLANG_WARN_SUSPICIOUS_MOVE = YES;
				CLANG_WARN_UNGUARDED_AVAILABILITY = YES_AGGRESSIVE;
				CLANG_WARN_UNREACHABLE_CODE = YES;
				CLANG_WARN__DUPLICATE_METHOD_MATCH = YES;
				COPY_PHASE_STRIP = NO;
				DEBUG_INFORMATION_FORMAT = "dwarf-with-dsym";
				ENABLE_NS_ASSERTIONS = NO;
				ENABLE_STRICT_OBJC_MSGSEND = YES;
				GCC_C_LANGUAGE_STANDARD = gnu11;
				GCC_NO_COMMON_BLOCKS = YES;
				GCC_WARN_64_TO_32_BIT_CONVERSION = YES;
				GCC_WARN_ABOUT_RETURN_TYPE = YES_ERROR;
				GCC_WARN_UNDECLARED_SELECTOR = YES;
				GCC_WARN_UNINITIALIZED_AUTOS = YES_AGGRESSIVE;
				GCC_WARN_UNUSED_FUNCTION = YES;
				GCC_WARN_UNUSED_VARIABLE = YES;
				IPHONEOS_DEPLOYMENT_TARGET = 13.1;
				MTL_ENABLE_DEBUG_INFO = NO;
				MTL_FAST_MATH = YES;
				SDKROOT = iphoneos;
				SWIFT_COMPILATION_MODE = wholemodule;
				SWIFT_OPTIMIZATION_LEVEL = "-O";
				VALIDATE_PRODUCT = YES;
			};
			name = Release;
		};
		2A355B9B236DEE310046AA9D /* Debug */ = {
			isa = XCBuildConfiguration;
			buildSettings = {
				ASSETCATALOG_COMPILER_APPICON_NAME = AppIcon;
				CODE_SIGN_STYLE = Automatic;
				DEVELOPMENT_ASSET_PATHS = "\"ButtonFun/Preview Content\"";
				ENABLE_PREVIEWS = YES;
				INFOPLIST_FILE = ButtonFun/Info.plist;
				LD_RUNPATH_SEARCH_PATHS = (
					"$(inherited)",
					"@executable_path/Frameworks",
				);
				PRODUCT_BUNDLE_IDENTIFIER = interviews.ButtonFun;
				PRODUCT_NAME = "$(TARGET_NAME)";
				SWIFT_VERSION = 5.0;
				TARGETED_DEVICE_FAMILY = "1,2";
			};
			name = Debug;
		};
		2A355B9C236DEE310046AA9D /* Release */ = {
			isa = XCBuildConfiguration;
			buildSettings = {
				ASSETCATALOG_COMPILER_APPICON_NAME = AppIcon;
				CODE_SIGN_STYLE = Automatic;
				DEVELOPMENT_ASSET_PATHS = "\"ButtonFun/Preview Content\"";
				ENABLE_PREVIEWS = YES;
				INFOPLIST_FILE = ButtonFun/Info.plist;
				LD_RUNPATH_SEARCH_PATHS = (
					"$(inherited)",
					"@executable_path/Frameworks",
				);
				PRODUCT_BUNDLE_IDENTIFIER = interviews.ButtonFun;
				PRODUCT_NAME = "$(TARGET_NAME)";
				SWIFT_VERSION = 5.0;
				TARGETED_DEVICE_FAMILY = "1,2";
			};
			name = Release;
		};
/* End XCBuildConfiguration section */

/* Begin XCConfigurationList section */
		2A355B81236DEE300046AA9D /* Build configuration list for PBXProject "ButtonFun" */ = {
			isa = XCConfigurationList;
			buildConfigurations = (
				2A355B98236DEE310046AA9D /* Debug */,
				2A355B99236DEE310046AA9D /* Release */,
			);
			defaultConfigurationIsVisible = 0;
			defaultConfigurationName = Release;
		};
		2A355B9A236DEE310046AA9D /* Build configuration list for PBXNativeTarget "ButtonFun" */ = {
			isa = XCConfigurationList;
			buildConfigurations = (
				2A355B9B236DEE310046AA9D /* Debug */,
				2A355B9C236DEE310046AA9D /* Release */,
			);
			defaultConfigurationIsVisible = 0;
			defaultConfigurationName = Release;
		};
/* End XCConfigurationList section */
	};
	rootObject = 2A355B7E236DEE300046AA9D /* Project object */;
}
